
Microsoft Visual Studio Solution File, Format Version 12.00
# Visual Studio 15
VisualStudioVersion = 15.0.27428.2043
MinimumVisualStudioVersion = 10.0.40219.1
Project("{FAE04EC0-301F-11D3-BF4B-00C04F79EFBC}") = "RPG Hero", "RPG Hero\RPG Hero.csproj", "{0D7B6BDB-0272-4A52-ABAD-CBAAF4C4E932}"
EndProject
Global
	GlobalSection(SolutionConfigurationPlatforms) = preSolution
		Debug|Any CPU = Debug|Any CPU
		Release|Any CPU = Release|Any CPU
	EndGlobalSection
	GlobalSection(ProjectConfigurationPlatforms) = postSolution
		{0D7B6BDB-0272-4A52-ABAD-CBAAF4C4E932}.Debug|Any CPU.ActiveCfg = Debug|Any CPU
		{0D7B6BDB-0272-4A52-ABAD-CBAAF4C4E932}.Debug|Any CPU.Build.0 = Debug|Any CPU
		{0D7B6BDB-0272-4A52-ABAD-CBAAF4C4E932}.Release|Any CPU.ActiveCfg = Release|Any CPU
		{0D7B6BDB-0272-4A52-ABAD-CBAAF4C4E932}.Release|Any CPU.Build.0 = Release|Any CPU
	EndGlobalSection
	GlobalSection(SolutionProperties) = preSolution
		HideSolutionNode = FALSE
	EndGlobalSection
	GlobalSection(ExtensibilityGlobals) = postSolution
		SolutionGuid = {82BCDE12-FC7B-4BB2-AC48-66E4198969BA}
	EndGlobalSection
EndGlobal
